
Microsoft Visual Studio Solution File, Format Version 12.00
# Visual Studio Version 16
VisualStudioVersion = 16.0.37206.5
MinimumVisualStudioVersion = 10.0.40219.1
Project("{FAE04EC0-301F-11D3-BF4B-00C04F79EFBC}") = "MEmarket-UWP", "MEmarket-UWP\MEmarket-UWP.csproj", "{A2433ECE-0E0F-425E-AD0E-374D67337A15}"
EndProject
Global
	GlobalSection(SolutionConfigurationPlatforms) = preSolution
		Debug|ARM = Debug|ARM
		Debug|ARM64 = Debug|ARM64
		Debug|x64 = Debug|x64
		Debug|x86 = Debug|x86
		Release|ARM = Release|ARM
		Release|ARM64 = Release|ARM64
		Release|x64 = Release|x64
		Release|x86 = Release|x86
	EndGlobalSection
	GlobalSection(ProjectConfigurationPlatforms) = postSolution
		{A2433ECE-0E0F-425E-AD0E-374D67337A15}.Debug|ARM.ActiveCfg = Debug|ARM
		{A2433ECE-0E0F-425E-AD0E-374D67337A15}.Debug|ARM.Build.0 = Debug|ARM
		{A2433ECE-0E0F-425E-AD0E-374D67337A15}.Debug|ARM.Deploy.0 = Debug|ARM
		{A2433ECE-0E0F-425E-AD0E-374D67337A15}.Debug|ARM64.ActiveCfg = Debug|ARM64
		{A2433ECE-0E0F-425E-AD0E-374D67337A15}.Debug|ARM64.Build.0 = Debug|ARM64
		{A2433ECE-0E0F-425E-AD0E-374D67337A15}.Debug|ARM64.Deploy.0 = Debug|ARM64
		{A2433ECE-0E0F-425E-AD0E-374D67337A15}.Debug|x64.ActiveCfg = Debug|x64
		{A2433ECE-0E0F-425E-AD0E-374D67337A15}.Debug|x64.Build.0 = Debug|x64
		{A2433ECE-0E0F-425E-AD0E-374D67337A15}.Debug|x64.Deploy.0 = Debug|x64
		{A2433ECE-0E0F-425E-AD0E-374D67337A15}.Debug|x86.ActiveCfg = Debug|x86
		{A2433ECE-0E0F-425E-AD0E-374D67337A15}.Debug|x86.Build.0 = Debug|x86
		{A2433ECE-0E0F-425E-AD0E-374D67337A15}.Debug|x86.Deploy.0 = Debug|x86
		{A2433ECE-0E0F-425E-AD0E-374D67337A15}.Release|ARM.ActiveCfg = Release|ARM
		{A2433ECE-0E0F-425E-AD0E-374D67337A15}.Release|ARM.Build.0 = Release|ARM
		{A2433ECE-0E0F-425E-AD0E-374D67337A15}.Release|ARM.Deploy.0 = Release|ARM
		{A2433ECE-0E0F-425E-AD0E-374D67337A15}.Release|ARM64.ActiveCfg = Release|ARM64
		{A2433ECE-0E0F-425E-AD0E-374D67337A15}.Release|ARM64.Build.0 = Release|ARM64
		{A2433ECE-0E0F-425E-AD0E-374D67337A15}.Release|ARM64.Deploy.0 = Release|ARM64
		{A2433ECE-0E0F-425E-AD0E-374D67337A15}.Release|x64.ActiveCfg = Release|x64
		{A2433ECE-0E0F-425E-AD0E-374D67337A15}.Release|x64.Build.0 = Release|x64
		{A2433ECE-0E0F-425E-AD0E-374D67337A15}.Release|x64.Deploy.0 = Release|x64
		{A2433ECE-0E0F-425E-AD0E-374D67337A15}.Release|x86.ActiveCfg = Release|x86
		{A2433ECE-0E0F-425E-AD0E-374D67337A15}.Release|x86.Build.0 = Release|x86
		{A2433ECE-0E0F-425E-AD0E-374D67337A15}.Release|x86.Deploy.0 = Release|x86
	EndGlobalSection
	GlobalSection(SolutionProperties) = preSolution
		HideSolutionNode = FALSE
	EndGlobalSection
	GlobalSection(ExtensibilityGlobals) = postSolution
		SolutionGuid = {A489A38E-AF50-4970-8670-AFEF3316601F}
	EndGlobalSection
EndGlobal
